
Microsoft Visual Studio Solution File, Format Version 12.00
# Visual Studio Version 16
VisualStudioVersion = 16.0.29123.88
MinimumVisualStudioVersion = 10.0.40219.1
Project("{FAE04EC0-301F-11D3-BF4B-00C04F79EFBC}") = "WebApplication3", "WebApplication3\WebApplication3.csproj", "{1F149E26-950D-44B5-B673-D3F4D10F0799}"
EndProject
Global
	GlobalSection(SolutionConfigurationPlatforms) = preSolution
		Debug|Any CPU = Debug|Any CPU
		Release|Any CPU = Release|Any CPU
	EndGlobalSection
	GlobalSection(ProjectConfigurationPlatforms) = postSolution
		{1F149E26-950D-44B5-B673-D3F4D10F0799}.Debug|Any CPU.ActiveCfg = Debug|Any CPU
		{1F149E26-950D-44B5-B673-D3F4D10F0799}.Debug|Any CPU.Build.0 = Debug|Any CPU
		{1F149E26-950D-44B5-B673-D3F4D10F0799}.Release|Any CPU.ActiveCfg = Release|Any CPU
		{1F149E26-950D-44B5-B673-D3F4D10F0799}.Release|Any CPU.Build.0 = Release|Any CPU
	EndGlobalSection
	GlobalSection(SolutionProperties) = preSolution
		HideSolutionNode = FALSE
	EndGlobalSection
	GlobalSection(ExtensibilityGlobals) = postSolution
		SolutionGuid = {B107BF91-D043-4635-BC80-C0BEBB4D039D}
	EndGlobalSection
EndGlobal
